// !$*UTF8*$!
{
	archiveVersion = 1;
	classes = {
	};
	objectVersion = 46;
	objects = {

/* Begin PBXBuildFile section */
		97854A631EAFD0E100F8D726 /* GroupsTableViewController.swift in Sources */ = {isa = PBXBuildFile; fileRef = 97854A621EAFD0E100F8D726 /* GroupsTableViewController.swift */; };
		97854A651EAFD62800F8D726 /* GroupItem.swift in Sources */ = {isa = PBXBuildFile; fileRef = 97854A641EAFD62800F8D726 /* GroupItem.swift */; };
		97CD27D81EA72ECD00313706 /* AppDelegate.swift in Sources */ = {isa = PBXBuildFile; fileRef = 97CD27D71EA72ECD00313706 /* AppDelegate.swift */; };
		97CD27DA1EA72ECD00313706 /* ViewController.swift in Sources */ = {isa = PBXBuildFile; fileRef = 97CD27D91EA72ECD00313706 /* ViewController.swift */; };
		97CD27DD1EA72ECD00313706 /* Main.storyboard in Resources */ = {isa = PBXBuildFile; fileRef = 97CD27DB1EA72ECD00313706 /* Main.storyboard */; };
		97CD27DF1EA72ECD00313706 /* Assets.xcassets in Resources */ = {isa = PBXBuildFile; fileRef = 97CD27DE1EA72ECD00313706 /* Assets.xcassets */; };
		97CD27E21EA72ECD00313706 /* LaunchScreen.storyboard in Resources */ = {isa = PBXBuildFile; fileRef = 97CD27E01EA72ECD00313706 /* LaunchScreen.storyboard */; };
		97CD27EA1EA72EE400313706 /* GoogleService-Info.plist in Resources */ = {isa = PBXBuildFile; fileRef = 97CD27E91EA72EE400313706 /* GoogleService-Info.plist */; };
		97CD27EC1EA7448400313706 /* MessagesTableViewController.swift in Sources */ = {isa = PBXBuildFile; fileRef = 97CD27EB1EA7448400313706 /* MessagesTableViewController.swift */; };
		97CD27EE1EA7545E00313706 /* MessageItem.swift in Sources */ = {isa = PBXBuildFile; fileRef = 97CD27ED1EA7545E00313706 /* MessageItem.swift */; };
		97FEE74F1EB1135E00E4246A /* RemoteConfigManager.swift in Sources */ = {isa = PBXBuildFile; fileRef = 97FEE74E1EB1135E00E4246A /* RemoteConfigManager.swift */; };
		BB943BF071A58B10104C77FF /* Pods_FireChat.framework in Frameworks */ = {isa = PBXBuildFile; fileRef = 0DE4EA96EF98BFA2114D8B60 /* Pods_FireChat.framework */; };
/* End PBXBuildFile section */

/* Begin PBXFileReference section */
		0DE4EA96EF98BFA2114D8B60 /* Pods_FireChat.framework */ = {isa = PBXFileReference; explicitFileType = wrapper.framework; includeInIndex = 0; path = Pods_FireChat.framework; sourceTree = BUILT_PRODUCTS_DIR; };
		18885744A17099A39F263FD5 /* Pods-FireChat.debug.xcconfig */ = {isa = PBXFileReference; includeInIndex = 1; lastKnownFileType = text.xcconfig; name = "Pods-FireChat.debug.xcconfig"; path = "Pods/Target Support Files/Pods-FireChat/Pods-FireChat.debug.xcconfig"; sourceTree = "<group>"; };
		6FCC74C246E2666AB65CD8D0 /* Pods-FireChat.release.xcconfig */ = {isa = PBXFileReference; includeInIndex = 1; lastKnownFileType = text.xcconfig; name = "Pods-FireChat.release.xcconfig"; path = "Pods/Target Support Files/Pods-FireChat/Pods-FireChat.release.xcconfig"; sourceTree = "<group>"; };
		97854A621EAFD0E100F8D726 /* GroupsTableViewController.swift */ = {isa = PBXFileReference; fileEncoding = 4; lastKnownFileType = sourcecode.swift; path = GroupsTableViewController.swift; sourceTree = "<group>"; };
		97854A641EAFD62800F8D726 /* GroupItem.swift */ = {isa = PBXFileReference; fileEncoding = 4; lastKnownFileType = sourcecode.swift; path = GroupItem.swift; sourceTree = "<group>"; };
		97CD27D41EA72ECD00313706 /* FireChat.app */ = {isa = PBXFileReference; explicitFileType = wrapper.application; includeInIndex = 0; path = FireChat.app; sourceTree = BUILT_PRODUCTS_DIR; };
		97CD27D71EA72ECD00313706 /* AppDelegate.swift */ = {isa = PBXFileReference; lastKnownFileType = sourcecode.swift; path = AppDelegate.swift; sourceTree = "<group>"; };
		97CD27D91EA72ECD00313706 /* ViewController.swift */ = {isa = PBXFileReference; lastKnownFileType = sourcecode.swift; path = ViewController.swift; sourceTree = "<group>"; };
		97CD27DC1EA72ECD00313706 /* Base */ = {isa = PBXFileReference; lastKnownFileType = file.storyboard; name = Base; path = Base.lproj/Main.storyboard; sourceTree = "<group>"; };
		97CD27DE1EA72ECD00313706 /* Assets.xcassets */ = {isa = PBXFileReference; lastKnownFileType = folder.assetcatalog; path = Assets.xcassets; sourceTree = "<group>"; };
		97CD27E11EA72ECD00313706 /* Base */ = {isa = PBXFileReference; lastKnownFileType = file.storyboard; name = Base; path = Base.lproj/LaunchScreen.storyboard; sourceTree = "<group>"; };
		97CD27E31EA72ECD00313706 /* Info.plist */ = {isa = PBXFileReference; lastKnownFileType = text.plist.xml; path = Info.plist; sourceTree = "<group>"; };
		97CD27E91EA72EE400313706 /* GoogleService-Info.plist */ = {isa = PBXFileReference; fileEncoding = 4; lastKnownFileType = text.plist.xml; path = "GoogleService-Info.plist"; sourceTree = "<group>"; };
		97CD27EB1EA7448400313706 /* MessagesTableViewController.swift */ = {isa = PBXFileReference; fileEncoding = 4; lastKnownFileType = sourcecode.swift; path = MessagesTableViewController.swift; sourceTree = "<group>"; };
		97CD27ED1EA7545E00313706 /* MessageItem.swift */ = {isa = PBXFileReference; fileEncoding = 4; lastKnownFileType = sourcecode.swift; path = MessageItem.swift; sourceTree = "<group>"; };
		97FEE74A1EB0E19C00E4246A /* FireChat.entitlements */ = {isa = PBXFileReference; lastKnownFileType = text.plist.entitlements; path = FireChat.entitlements; sourceTree = "<group>"; };
		97FEE74E1EB1135E00E4246A /* RemoteConfigManager.swift */ = {isa = PBXFileReference; fileEncoding = 4; lastKnownFileType = sourcecode.swift; path = RemoteConfigManager.swift; sourceTree = "<group>"; };
/* End PBXFileReference section */

/* Begin PBXFrameworksBuildPhase section */
		97CD27D11EA72ECD00313706 /* Frameworks */ = {
			isa = PBXFrameworksBuildPhase;
			buildActionMask = 2147483647;
			files = (
				BB943BF071A58B10104C77FF /* Pods_FireChat.framework in Frameworks */,
			);
			runOnlyForDeploymentPostprocessing = 0;
		};
/* End PBXFrameworksBuildPhase section */

/* Begin PBXGroup section */
		004F42BBF25A34FC534BB582 /* Frameworks */ = {
			isa = PBXGroup;
			children = (
				0DE4EA96EF98BFA2114D8B60 /* Pods_FireChat.framework */,
			);
			name = Frameworks;
			sourceTree = "<group>";
		};
		95C6BF1DC33218E819547C0C /* Pods */ = {
			isa = PBXGroup;
			children = (
				18885744A17099A39F263FD5 /* Pods-FireChat.debug.xcconfig */,
				6FCC74C246E2666AB65CD8D0 /* Pods-FireChat.release.xcconfig */,
			);
			name = Pods;
			sourceTree = "<group>";
		};
		97CD27CB1EA72ECD00313706 = {
			isa = PBXGroup;
			children = (
				97CD27D61EA72ECD00313706 /* FireChat */,
				97CD27D51EA72ECD00313706 /* Products */,
				95C6BF1DC33218E819547C0C /* Pods */,
				004F42BBF25A34FC534BB582 /* Frameworks */,
			);
			sourceTree = "<group>";
		};
		97CD27D51EA72ECD00313706 /* Products */ = {
			isa = PBXGroup;
			children = (
				97CD27D41EA72ECD00313706 /* FireChat.app */,
			);
			name = Products;
			sourceTree = "<group>";
		};
		97CD27D61EA72ECD00313706 /* FireChat */ = {
			isa = PBXGroup;
			children = (
				97FEE74A1EB0E19C00E4246A /* FireChat.entitlements */,
				97CD27D71EA72ECD00313706 /* AppDelegate.swift */,
				97CD27D91EA72ECD00313706 /* ViewController.swift */,
				97CD27DB1EA72ECD00313706 /* Main.storyboard */,
				97854A641EAFD62800F8D726 /* GroupItem.swift */,
				97CD27ED1EA7545E00313706 /* MessageItem.swift */,
				97CD27EB1EA7448400313706 /* MessagesTableViewController.swift */,
				97854A621EAFD0E100F8D726 /* GroupsTableViewController.swift */,
				97FEE74E1EB1135E00E4246A /* RemoteConfigManager.swift */,
				97CD27DE1EA72ECD00313706 /* Assets.xcassets */,
				97CD27E01EA72ECD00313706 /* LaunchScreen.storyboard */,
				97CD27E31EA72ECD00313706 /* Info.plist */,
				97CD27E91EA72EE400313706 /* GoogleService-Info.plist */,
			);
			path = FireChat;
			sourceTree = "<group>";
		};
/* End PBXGroup section */

/* Begin PBXNativeTarget section */
		97CD27D31EA72ECD00313706 /* FireChat */ = {
			isa = PBXNativeTarget;
			buildConfigurationList = 97CD27E61EA72ECD00313706 /* Build configuration list for PBXNativeTarget "FireChat" */;
			buildPhases = (
				272DDC47F378D39CDED3E350 /* [CP] Check Pods Manifest.lock */,
				97CD27D01EA72ECD00313706 /* Sources */,
				97CD27D11EA72ECD00313706 /* Frameworks */,
				97CD27D21EA72ECD00313706 /* Resources */,
				6AEF047BB9720362F2D838B9 /* [CP] Embed Pods Frameworks */,
				A6A264A42021B5073070669A /* [CP] Copy Pods Resources */,
			);
			buildRules = (
			);
			dependencies = (
			);
			name = FireChat;
			productName = FireChat;
			productReference = 97CD27D41EA72ECD00313706 /* FireChat.app */;
			productType = "com.apple.product-type.application";
		};
/* End PBXNativeTarget section */

/* Begin PBXProject section */
		97CD27CC1EA72ECD00313706 /* Project object */ = {
			isa = PBXProject;
			attributes = {
				LastSwiftUpdateCheck = 0830;
				LastUpgradeCheck = 0830;
				ORGANIZATIONNAME = "T. Andrew Binkowski";
				TargetAttributes = {
					97CD27D31EA72ECD00313706 = {
						CreatedOnToolsVersion = 8.3.1;
						DevelopmentTeam = 723KYE3F9E;
						ProvisioningStyle = Automatic;
						SystemCapabilities = {
							com.apple.SafariKeychain = {
								enabled = 1;
							};
						};
					};
				};
			};
			buildConfigurationList = 97CD27CF1EA72ECD00313706 /* Build configuration list for PBXProject "FireChat" */;
			compatibilityVersion = "Xcode 3.2";
			developmentRegion = English;
			hasScannedForEncodings = 0;
			knownRegions = (
				en,
				Base,
			);
			mainGroup = 97CD27CB1EA72ECD00313706;
			productRefGroup = 97CD27D51EA72ECD00313706 /* Products */;
			projectDirPath = "";
			projectRoot = "";
			targets = (
				97CD27D31EA72ECD00313706 /* FireChat */,
			);
		};
/* End PBXProject section */

/* Begin PBXResourcesBuildPhase section */
		97CD27D21EA72ECD00313706 /* Resources */ = {
			isa = PBXResourcesBuildPhase;
			buildActionMask = 2147483647;
			files = (
				97CD27E21EA72ECD00313706 /* LaunchScreen.storyboard in Resources */,
				97CD27EA1EA72EE400313706 /* GoogleService-Info.plist in Resources */,
				97CD27DF1EA72ECD00313706 /* Assets.xcassets in Resources */,
				97CD27DD1EA72ECD00313706 /* Main.storyboard in Resources */,
			);
			runOnlyForDeploymentPostprocessing = 0;
		};
/* End PBXResourcesBuildPhase section */

/* Begin PBXShellScriptBuildPhase section */
		272DDC47F378D39CDED3E350 /* [CP] Check Pods Manifest.lock */ = {
			isa = PBXShellScriptBuildPhase;
			buildActionMask = 2147483647;
			files = (
			);
			inputPaths = (
			);
			name = "[CP] Check Pods Manifest.lock";
			outputPaths = (
			);
			runOnlyForDeploymentPostprocessing = 0;
			shellPath = /bin/sh;
			shellScript = "diff \"${PODS_PODFILE_DIR_PATH}/Podfile.lock\" \"${PODS_ROOT}/Manifest.lock\" > /dev/null\nif [ $? != 0 ] ; then\n    # print error to STDERR\n    echo \"error: The sandbox is not in sync with the Podfile.lock. Run 'pod install' or update your CocoaPods installation.\" >&2\n    exit 1\nfi\n";
			showEnvVarsInLog = 0;
		};
		6AEF047BB9720362F2D838B9 /* [CP] Embed Pods Frameworks */ = {
			isa = PBXShellScriptBuildPhase;
			buildActionMask = 2147483647;
			files = (
			);
			inputPaths = (
			);
			name = "[CP] Embed Pods Frameworks";
			outputPaths = (
			);
			runOnlyForDeploymentPostprocessing = 0;
			shellPath = /bin/sh;
			shellScript = "\"${SRCROOT}/Pods/Target Support Files/Pods-FireChat/Pods-FireChat-frameworks.sh\"\n";
			showEnvVarsInLog = 0;
		};
		A6A264A42021B5073070669A /* [CP] Copy Pods Resources */ = {
			isa = PBXShellScriptBuildPhase;
			buildActionMask = 2147483647;
			files = (
			);
			inputPaths = (
			);
			name = "[CP] Copy Pods Resources";
			outputPaths = (
			);
			runOnlyForDeploymentPostprocessing = 0;
			shellPath = /bin/sh;
			shellScript = "\"${SRCROOT}/Pods/Target Support Files/Pods-FireChat/Pods-FireChat-resources.sh\"\n";
			showEnvVarsInLog = 0;
		};
/* End PBXShellScriptBuildPhase section */

/* Begin PBXSourcesBuildPhase section */
		97CD27D01EA72ECD00313706 /* Sources */ = {
			isa = PBXSourcesBuildPhase;
			buildActionMask = 2147483647;
			files = (
				97CD27EE1EA7545E00313706 /* MessageItem.swift in Sources */,
				97FEE74F1EB1135E00E4246A /* RemoteConfigManager.swift in Sources */,
				97854A631EAFD0E100F8D726 /* GroupsTableViewController.swift in Sources */,
				97CD27DA1EA72ECD00313706 /* ViewController.swift in Sources */,
				97CD27EC1EA7448400313706 /* MessagesTableViewController.swift in Sources */,
				97854A651EAFD62800F8D726 /* GroupItem.swift in Sources */,
				97CD27D81EA72ECD00313706 /* AppDelegate.swift in Sources */,
			);
			runOnlyForDeploymentPostprocessing = 0;
		};
/* End PBXSourcesBuildPhase section */

/* Begin PBXVariantGroup section */
		97CD27DB1EA72ECD00313706 /* Main.storyboard */ = {
			isa = PBXVariantGroup;
			children = (
				97CD27DC1EA72ECD00313706 /* Base */,
			);
			name = Main.storyboard;
			sourceTree = "<group>";
		};
		97CD27E01EA72ECD00313706 /* LaunchScreen.storyboard */ = {
			isa = PBXVariantGroup;
			children = (
				97CD27E11EA72ECD00313706 /* Base */,
			);
			name = LaunchScreen.storyboard;
			sourceTree = "<group>";
		};
/* End PBXVariantGroup section */

/* Begin XCBuildConfiguration section */
		97CD27E41EA72ECD00313706 /* Debug */ = {
			isa = XCBuildConfiguration;
			buildSettings = {
				ALWAYS_SEARCH_USER_PATHS = NO;
				CLANG_ANALYZER_NONNULL = YES;
				CLANG_ANALYZER_NUMBER_OBJECT_CONVERSION = YES_AGGRESSIVE;
				CLANG_CXX_LANGUAGE_STANDARD = "gnu++0x";
				CLANG_CXX_LIBRARY = "libc++";
				CLANG_ENABLE_MODULES = YES;
				CLANG_ENABLE_OBJC_ARC = YES;
				CLANG_WARN_BOOL_CONVERSION = YES;
				CLANG_WARN_CONSTANT_CONVERSION = YES;
				CLANG_WARN_DIRECT_OBJC_ISA_USAGE = YES_ERROR;
				CLANG_WARN_DOCUMENTATION_COMMENTS = YES;
				CLANG_WARN_EMPTY_BODY = YES;
				CLANG_WARN_ENUM_CONVERSION = YES;
				CLANG_WARN_INFINITE_RECURSION = YES;
				CLANG_WARN_INT_CONVERSION = YES;
				CLANG_WARN_OBJC_ROOT_CLASS = YES_ERROR;
				CLANG_WARN_SUSPICIOUS_MOVE = YES;
				CLANG_WARN_UNREACHABLE_CODE = YES;
				CLANG_WARN__DUPLICATE_METHOD_MATCH = YES;
				"CODE_SIGN_IDENTITY[sdk=iphoneos*]" = "iPhone Developer";
				COPY_PHASE_STRIP = NO;
				DEBUG_INFORMATION_FORMAT = dwarf;
				ENABLE_STRICT_OBJC_MSGSEND = YES;
				ENABLE_TESTABILITY = YES;
				GCC_C_LANGUAGE_STANDARD = gnu99;
				GCC_DYNAMIC_NO_PIC = NO;
				GCC_NO_COMMON_BLOCKS = YES;
				GCC_OPTIMIZATION_LEVEL = 0;
				GCC_PREPROCESSOR_DEFINITIONS = (
					"DEBUG=1",
					"$(inherited)",
				);
				GCC_WARN_64_TO_32_BIT_CONVERSION = YES;
				GCC_WARN_ABOUT_RETURN_TYPE = YES_ERROR;
				GCC_WARN_UNDECLARED_SELECTOR = YES;
				GCC_WARN_UNINITIALIZED_AUTOS = YES_AGGRESSIVE;
				GCC_WARN_UNUSED_FUNCTION = YES;
				GCC_WARN_UNUSED_VARIABLE = YES;
				IPHONEOS_DEPLOYMENT_TARGET = 10.3;
				MTL_ENABLE_DEBUG_INFO = YES;
				ONLY_ACTIVE_ARCH = YES;
				SDKROOT = iphoneos;
				SWIFT_ACTIVE_COMPILATION_CONDITIONS = DEBUG;
				SWIFT_OPTIMIZATION_LEVEL = "-Onone";
				TARGETED_DEVICE_FAMILY = "1,2";
			};
			name = Debug;
		};
		97CD27E51EA72ECD00313706 /* Release */ = {
			isa = XCBuildConfiguration;
			buildSettings = {
				ALWAYS_SEARCH_USER_PATHS = NO;
				CLANG_ANALYZER_NONNULL = YES;
				CLANG_ANALYZER_NUMBER_OBJECT_CONVERSION = YES_AGGRESSIVE;
				CLANG_CXX_LANGUAGE_STANDARD = "gnu++0x";
				CLANG_CXX_LIBRARY = "libc++";
				CLANG_ENABLE_MODULES = YES;
				CLANG_ENABLE_OBJC_ARC = YES;
				CLANG_WARN_BOOL_CONVERSION = YES;
				CLANG_WARN_CONSTANT_CONVERSION = YES;
				CLANG_WARN_DIRECT_OBJC_ISA_USAGE = YES_ERROR;
				CLANG_WARN_DOCUMENTATION_COMMENTS = YES;
				CLANG_WARN_EMPTY_BODY = YES;
				CLANG_WARN_ENUM_CONVERSION = YES;
				CLANG_WARN_INFINITE_RECURSION = YES;
				CLANG_WARN_INT_CONVERSION = YES;
				CLANG_WARN_OBJC_ROOT_CLASS = YES_ERROR;
				CLANG_WARN_SUSPICIOUS_MOVE = YES;
				CLANG_WARN_UNREACHABLE_CODE = YES;
				CLANG_WARN__DUPLICATE_METHOD_MATCH = YES;
				"CODE_SIGN_IDENTITY[sdk=iphoneos*]" = "iPhone Developer";
				COPY_PHASE_STRIP = NO;
				DEBUG_INFORMATION_FORMAT = "dwarf-with-dsym";
				ENABLE_NS_ASSERTIONS = NO;
				ENABLE_STRICT_OBJC_MSGSEND = YES;
				GCC_C_LANGUAGE_STANDARD = gnu99;
				GCC_NO_COMMON_BLOCKS = YES;
				GCC_WARN_64_TO_32_BIT_CONVERSION = YES;
				GCC_WARN_ABOUT_RETURN_TYPE = YES_ERROR;
				GCC_WARN_UNDECLARED_SELECTOR = YES;
				GCC_WARN_UNINITIALIZED_AUTOS = YES_AGGRESSIVE;
				GCC_WARN_UNUSED_FUNCTION = YES;
				GCC_WARN_UNUSED_VARIABLE = YES;
				IPHONEOS_DEPLOYMENT_TARGET = 10.3;
				MTL_ENABLE_DEBUG_INFO = NO;
				SDKROOT = iphoneos;
				SWIFT_OPTIMIZATION_LEVEL = "-Owholemodule";
				TARGETED_DEVICE_FAMILY = "1,2";
				VALIDATE_PRODUCT = YES;
			};
			name = Release;
		};
		97CD27E71EA72ECD00313706 /* Debug */ = {
			isa = XCBuildConfiguration;
			baseConfigurationReference = 18885744A17099A39F263FD5 /* Pods-FireChat.debug.xcconfig */;
			buildSettings = {
				ASSETCATALOG_COMPILER_APPICON_NAME = AppIcon;
				CODE_SIGN_ENTITLEMENTS = FireChat/FireChat.entitlements;
				DEVELOPMENT_TEAM = 723KYE3F9E;
				INFOPLIST_FILE = FireChat/Info.plist;
				LD_RUNPATH_SEARCH_PATHS = "$(inherited) @executable_path/Frameworks";
				PRODUCT_BUNDLE_IDENTIFIER = mobi.uchicago.FireChat;
				PRODUCT_NAME = "$(TARGET_NAME)";
				SWIFT_VERSION = 3.0;
			};
			name = Debug;
		};
		97CD27E81EA72ECD00313706 /* Release */ = {
			isa = XCBuildConfiguration;
			baseConfigurationReference = 6FCC74C246E2666AB65CD8D0 /* Pods-FireChat.release.xcconfig */;
			buildSettings = {
				ASSETCATALOG_COMPILER_APPICON_NAME = AppIcon;
				CODE_SIGN_ENTITLEMENTS = FireChat/FireChat.entitlements;
				DEVELOPMENT_TEAM = 723KYE3F9E;
				INFOPLIST_FILE = FireChat/Info.plist;
				LD_RUNPATH_SEARCH_PATHS = "$(inherited) @executable_path/Frameworks";
				PRODUCT_BUNDLE_IDENTIFIER = mobi.uchicago.FireChat;
				PRODUCT_NAME = "$(TARGET_NAME)";
				SWIFT_VERSION = 3.0;
			};
			name = Release;
		};
/* End XCBuildConfiguration section */

/* Begin XCConfigurationList section */
		97CD27CF1EA72ECD00313706 /* Build configuration list for PBXProject "FireChat" */ = {
			isa = XCConfigurationList;
			buildConfigurations = (
				97CD27E41EA72ECD00313706 /* Debug */,
				97CD27E51EA72ECD00313706 /* Release */,
			);
			defaultConfigurationIsVisible = 0;
			defaultConfigurationName = Release;
		};
		97CD27E61EA72ECD00313706 /* Build configuration list for PBXNativeTarget "FireChat" */ = {
			isa = XCConfigurationList;
			buildConfigurations = (
				97CD27E71EA72ECD00313706 /* Debug */,
				97CD27E81EA72ECD00313706 /* Release */,
			);
			defaultConfigurationIsVisible = 0;
			defaultConfigurationName = Release;
		};
/* End XCConfigurationList section */
	};
	rootObject = 97CD27CC1EA72ECD00313706 /* Project object */;
}
